# THIS IS AN AUTOGENERATED FILE. DO NOT EDIT THIS FILE DIRECTLY.
# yarn lockfile v1


argparse@^1.0.7:
  version "1.0.9"
  resolved "https://registry.yarnpkg.com/argparse/-/argparse-1.0.9.tgz#73d83bc263f86e97f8cc4f6bae1b0e90a7d22c86"
  dependencies:
    sprintf-js "~1.0.2"

call-me-maybe@^1.0.1:
  version "1.0.1"
  resolved "https://registry.yarnpkg.com/call-me-maybe/-/call-me-maybe-1.0.1.tgz#26d208ea89e37b5cbde60250a15f031c16a4d66b"

debug@^3.1.0:
  version "3.1.0"
  resolved "https://registry.yarnpkg.com/debug/-/debug-3.1.0.tgz#5bb5a0672628b64149566ba16819e61518c67261"
  dependencies:
    ms "2.0.0"

deep-extend@^0.5.0:
  version "0.5.0"
  resolved "https://registry.yarnpkg.com/deep-extend/-/deep-extend-0.5.0.tgz#6ef4a09b05f98b0e358d6d93d4ca3caec6672803"

deref@^0.7.1:
  version "0.7.3"
  resolved "https://registry.yarnpkg.com/deref/-/deref-0.7.3.tgz#3ef3fc3cbc149b2f999b6bc051451c08c13c8bc2"
  dependencies:
    deep-extend "^0.5.0"

discontinuous-range@1.0.0:
  version "1.0.0"
  resolved "https://registry.yarnpkg.com/discontinuous-range/-/discontinuous-range-1.0.0.tgz#e38331f0844bba49b9a9cb71c771585aab1bc65a"

esprima@^4.0.0:
  version "4.0.0"
  resolved "https://registry.yarnpkg.com/esprima/-/esprima-4.0.0.tgz#4499eddcd1110e0b218bacf2fa7f7f59f55ca804"

format-util@^1.0.3:
  version "1.0.3"
  resolved "https://registry.yarnpkg.com/format-util/-/format-util-1.0.3.tgz#032dca4a116262a12c43f4c3ec8566416c5b2d95"

js-yaml@^3.10.0:
  version "3.10.0"
  resolved "https://registry.yarnpkg.com/js-yaml/-/js-yaml-3.10.0.tgz#2e78441646bd4682e963f22b6e92823c309c62dc"
  dependencies:
    argparse "^1.0.7"
    esprima "^4.0.0"

"json-schema-faker@git+https://github.com/MrChoclate/json-schema-faker.git#f2c1740c551230847c6bad1cedca5ad3533e5e08":
  version "0.5.0-rc11"
  resolved "git+https://github.com/MrChoclate/json-schema-faker.git#f2c1740c551230847c6bad1cedca5ad3533e5e08"
  dependencies:
    deref "^0.7.1"
    json-schema-ref-parser "^4.0.0"
    jsonpath-plus "^0.16.0"
    randexp "^0.4.5"
    tslib "^1.7.1"

json-schema-ref-parser@^4.0.0:
  version "4.0.4"
  resolved "https://registry.yarnpkg.com/json-schema-ref-parser/-/json-schema-ref-parser-4.0.4.tgz#3346b81eb0a5657e6f46c11322c5994c6f1b0b26"
  dependencies:
    call-me-maybe "^1.0.1"
    debug "^3.1.0"
    js-yaml "^3.10.0"
    ono "^4.0.2"

jsonpath-plus@^0.16.0:
  version "0.16.0"
  resolved "https://registry.yarnpkg.com/jsonpath-plus/-/jsonpath-plus-0.16.0.tgz#fe441b23f03ec6979a5603513988cd3edb7db5dc"

ms@2.0.0:
  version "2.0.0"
  resolved "https://registry.yarnpkg.com/ms/-/ms-2.0.0.tgz#5608aeadfc00be6c2901df5f9861788de0d597c8"

ono@^4.0.2:
  version "4.0.2"
  resolved "https://registry.yarnpkg.com/ono/-/ono-4.0.2.tgz#2e18ff7c21b9eac0cab794f7a3082507000d6d36"
  dependencies:
    format-util "^1.0.3"

randexp@^0.4.5:
  version "0.4.6"
  resolved "https://registry.yarnpkg.com/randexp/-/randexp-0.4.6.tgz#e986ad5e5e31dae13ddd6f7b3019aa7c87f60ca3"
  dependencies:
    discontinuous-range "1.0.0"
    ret "~0.1.10"

ret@~0.1.10:
  version "0.1.15"
  resolved "https://registry.yarnpkg.com/ret/-/ret-0.1.15.tgz#b8a4825d5bdb1fc3f6f53c2bc33f81388681c7bc"

sprintf-js@~1.0.2:
  version "1.0.3"
  resolved "https://registry.yarnpkg.com/sprintf-js/-/sprintf-js-1.0.3.tgz#04e6926f662895354f3dd015203633b857297e2c"

tslib@^1.7.1:
  version "1.8.0"
  resolved "https://registry.yarnpkg.com/tslib/-/tslib-1.8.0.tgz#dc604ebad64bcbf696d613da6c954aa0e7ea1eb6"
